
Microsoft Visual Studio Solution File, Format Version 12.00
# Visual Studio Version 17
VisualStudioVersion = 17.6.33815.320
MinimumVisualStudioVersion = 10.0.40219.1
Project("{FAE04EC0-301F-11D3-BF4B-00C04F79EFBC}") = "WebAppDemo4.0", "WebAppDemo4.0.csproj", "{07165B5A-7268-41A2-AB11-66C8FC05E304}"
EndProject
Global
	GlobalSection(SolutionConfigurationPlatforms) = preSolution
		Debug|Any CPU = Debug|Any CPU
		Release|Any CPU = Release|Any CPU
	EndGlobalSection
	GlobalSection(ProjectConfigurationPlatforms) = postSolution
		{07165B5A-7268-41A2-AB11-66C8FC05E304}.Debug|Any CPU.ActiveCfg = Debug|Any CPU
		{07165B5A-7268-41A2-AB11-66C8FC05E304}.Debug|Any CPU.Build.0 = Debug|Any CPU
		{07165B5A-7268-41A2-AB11-66C8FC05E304}.Release|Any CPU.ActiveCfg = Release|Any CPU
		{07165B5A-7268-41A2-AB11-66C8FC05E304}.Release|Any CPU.Build.0 = Release|Any CPU
	EndGlobalSection
	GlobalSection(SolutionProperties) = preSolution
		HideSolutionNode = FALSE
	EndGlobalSection
	GlobalSection(ExtensibilityGlobals) = postSolution
		SolutionGuid = {5F361FE0-40E5-4A73-8B8A-77B536ABC3C8}
	EndGlobalSection
EndGlobal
